
Microsoft Visual Studio Solution File, Format Version 12.00
# Visual Studio Version 17
VisualStudioVersion = 17.5.002.0
MinimumVisualStudioVersion = 10.0.40219.1
Project("{9A19103F-16F7-4668-BE54-9A1E7A4F7556}") = "Nomad-Station-Costs-Savanna-Dickie", "Nomad-Station-Costs-Savanna-Dickie.csproj", "{772A46D9-FA34-4524-8FF7-BCB8EA0FA6B9}"
EndProject
Global
	GlobalSection(SolutionConfigurationPlatforms) = preSolution
		Debug|Any CPU = Debug|Any CPU
		Release|Any CPU = Release|Any CPU
	EndGlobalSection
	GlobalSection(ProjectConfigurationPlatforms) = postSolution
		{772A46D9-FA34-4524-8FF7-BCB8EA0FA6B9}.Debug|Any CPU.ActiveCfg = Debug|Any CPU
		{772A46D9-FA34-4524-8FF7-BCB8EA0FA6B9}.Debug|Any CPU.Build.0 = Debug|Any CPU
		{772A46D9-FA34-4524-8FF7-BCB8EA0FA6B9}.Release|Any CPU.ActiveCfg = Release|Any CPU
		{772A46D9-FA34-4524-8FF7-BCB8EA0FA6B9}.Release|Any CPU.Build.0 = Release|Any CPU
	EndGlobalSection
	GlobalSection(SolutionProperties) = preSolution
		HideSolutionNode = FALSE
	EndGlobalSection
	GlobalSection(ExtensibilityGlobals) = postSolution
		SolutionGuid = {C76129E3-DD5C-4753-84F9-28746D077E19}
	EndGlobalSection
EndGlobal
